
Microsoft Visual Studio Solution File, Format Version 12.00
# Visual Studio 2013
VisualStudioVersion = 12.0.30723.0
MinimumVisualStudioVersion = 10.0.40219.1
Project("{FAE04EC0-301F-11D3-BF4B-00C04F79EFBC}") = "TfsUserActivity.Core", "TfsUserActivity.Core\TfsUserActivity.Core.csproj", "{480BFC56-9ADD-4ECF-9CB6-C2FB552E3992}"
EndProject
Project("{FAE04EC0-301F-11D3-BF4B-00C04F79EFBC}") = "TfsUserActivity.Console", "TfsUserActivity.Console\TfsUserActivity.Console.csproj", "{15411B3C-5530-4F20-A354-EFCC6B333AC0}"
EndProject
Global
	GlobalSection(SolutionConfigurationPlatforms) = preSolution
		Debug|Any CPU = Debug|Any CPU
		Release|Any CPU = Release|Any CPU
	EndGlobalSection
	GlobalSection(ProjectConfigurationPlatforms) = postSolution
		{480BFC56-9ADD-4ECF-9CB6-C2FB552E3992}.Debug|Any CPU.ActiveCfg = Debug|Any CPU
		{480BFC56-9ADD-4ECF-9CB6-C2FB552E3992}.Debug|Any CPU.Build.0 = Debug|Any CPU
		{480BFC56-9ADD-4ECF-9CB6-C2FB552E3992}.Release|Any CPU.ActiveCfg = Release|Any CPU
		{480BFC56-9ADD-4ECF-9CB6-C2FB552E3992}.Release|Any CPU.Build.0 = Release|Any CPU
		{15411B3C-5530-4F20-A354-EFCC6B333AC0}.Debug|Any CPU.ActiveCfg = Debug|Any CPU
		{15411B3C-5530-4F20-A354-EFCC6B333AC0}.Debug|Any CPU.Build.0 = Debug|Any CPU
		{15411B3C-5530-4F20-A354-EFCC6B333AC0}.Release|Any CPU.ActiveCfg = Release|Any CPU
		{15411B3C-5530-4F20-A354-EFCC6B333AC0}.Release|Any CPU.Build.0 = Release|Any CPU
	EndGlobalSection
	GlobalSection(SolutionProperties) = preSolution
		HideSolutionNode = FALSE
	EndGlobalSection
EndGlobal
